
Microsoft Visual Studio Solution File, Format Version 12.00
# Visual Studio Version 16
VisualStudioVersion = 16.0.30225.117
MinimumVisualStudioVersion = 10.0.40219.1
Project("{151D2E53-A2C4-4D7D-83FE-D05416EBD58E}") = "AzureResourceGroup1", "AzureResourceGroup1\AzureResourceGroup1.deployproj", "{A05A9D0B-E8A1-4B2A-BCB3-69D6E23B8F85}"
EndProject
Global
	GlobalSection(SolutionConfigurationPlatforms) = preSolution
		Debug|Any CPU = Debug|Any CPU
		Release|Any CPU = Release|Any CPU
	EndGlobalSection
	GlobalSection(ProjectConfigurationPlatforms) = postSolution
		{A05A9D0B-E8A1-4B2A-BCB3-69D6E23B8F85}.Debug|Any CPU.ActiveCfg = Debug|Any CPU
		{A05A9D0B-E8A1-4B2A-BCB3-69D6E23B8F85}.Debug|Any CPU.Build.0 = Debug|Any CPU
		{A05A9D0B-E8A1-4B2A-BCB3-69D6E23B8F85}.Release|Any CPU.ActiveCfg = Release|Any CPU
		{A05A9D0B-E8A1-4B2A-BCB3-69D6E23B8F85}.Release|Any CPU.Build.0 = Release|Any CPU
	EndGlobalSection
	GlobalSection(SolutionProperties) = preSolution
		HideSolutionNode = FALSE
	EndGlobalSection
	GlobalSection(ExtensibilityGlobals) = postSolution
		SolutionGuid = {BCDAE988-9031-4EE7-83E2-09F429B43C67}
	EndGlobalSection
EndGlobal
